{
  "name": "node-app",
  "version": "1.0.0",
  "lockfileVersion": 1,
  "requires": true,
  "dependencies": {
    "lion-lib-orizilka": {
      "version": "1.0.0",
      "resolved": "https://registry.npmjs.org/lion-lib-orizilka/-/lion-lib-orizilka-1.0.0.tgz",
      "integrity": "sha512-T9fwLTHZ4nCNgr8NKHKAszXld5NyOtNsIv7zRGih6ZEQl/UoD+Gog7kpCYLh5d9h7v8yDpuHXDflnlG6eR+4tw=="
    }
  }
}
